
Microsoft Visual Studio Solution File, Format Version 12.00
# Visual Studio Version 17
VisualStudioVersion = 17.14.36221.1
MinimumVisualStudioVersion = 10.0.40219.1
Project("{FAE04EC0-301F-11D3-BF4B-00C04F79EFBC}") = "Hermes", "Plc.Transmitter\Hermes.csproj", "{45CDFDA3-3FA9-4FE1-BD81-50172B14D130}"
EndProject
Project("{FAE04EC0-301F-11D3-BF4B-00C04F79EFBC}") = "Server.Core", "Server.Core\Server.Core.csproj", "{7532F504-223D-4A48-94FB-B925B554057D}"
EndProject
Project("{FAE04EC0-301F-11D3-BF4B-00C04F79EFBC}") = "Shared,Kernel", "Shared,Kernel\Shared,Kernel.csproj", "{32E3A86E-110C-47DE-8C2D-D2BAF3992352}"
EndProject
Global
	GlobalSection(SolutionConfigurationPlatforms) = preSolution
		Debug|Any CPU = Debug|Any CPU
		Release|Any CPU = Release|Any CPU
	EndGlobalSection
	GlobalSection(ProjectConfigurationPlatforms) = postSolution
		{45CDFDA3-3FA9-4FE1-BD81-50172B14D130}.Debug|Any CPU.ActiveCfg = Debug|Any CPU
		{45CDFDA3-3FA9-4FE1-BD81-50172B14D130}.Debug|Any CPU.Build.0 = Debug|Any CPU
		{45CDFDA3-3FA9-4FE1-BD81-50172B14D130}.Release|Any CPU.ActiveCfg = Release|Any CPU
		{45CDFDA3-3FA9-4FE1-BD81-50172B14D130}.Release|Any CPU.Build.0 = Release|Any CPU
		{7532F504-223D-4A48-94FB-B925B554057D}.Debug|Any CPU.ActiveCfg = Debug|Any CPU
		{7532F504-223D-4A48-94FB-B925B554057D}.Debug|Any CPU.Build.0 = Debug|Any CPU
		{7532F504-223D-4A48-94FB-B925B554057D}.Release|Any CPU.ActiveCfg = Release|Any CPU
		{7532F504-223D-4A48-94FB-B925B554057D}.Release|Any CPU.Build.0 = Release|Any CPU
		{32E3A86E-110C-47DE-8C2D-D2BAF3992352}.Debug|Any CPU.ActiveCfg = Debug|Any CPU
		{32E3A86E-110C-47DE-8C2D-D2BAF3992352}.Debug|Any CPU.Build.0 = Debug|Any CPU
		{32E3A86E-110C-47DE-8C2D-D2BAF3992352}.Release|Any CPU.ActiveCfg = Release|Any CPU
		{32E3A86E-110C-47DE-8C2D-D2BAF3992352}.Release|Any CPU.Build.0 = Release|Any CPU
	EndGlobalSection
	GlobalSection(SolutionProperties) = preSolution
		HideSolutionNode = FALSE
	EndGlobalSection
	GlobalSection(ExtensibilityGlobals) = postSolution
		SolutionGuid = {7A70A904-909D-408E-8C18-408B1AEDD056}
	EndGlobalSection
EndGlobal
